// !$*UTF8*$!
{
	archiveVersion = 1;
	classes = {
	};
	objectVersion = 55;
	objects = {

/* Begin PBXBuildFile section */
		18B3428F2977EEF900F89A45 /* AppDelegate.m in Sources */ = {isa = PBXBuildFile; fileRef = 18B3428E2977EEF900F89A45 /* AppDelegate.m */; };
		18B342922977EEF900F89A45 /* SceneDelegate.m in Sources */ = {isa = PBXBuildFile; fileRef = 18B342912977EEF900F89A45 /* SceneDelegate.m */; };
		18B342952977EEF900F89A45 /* ViewController.m in Sources */ = {isa = PBXBuildFile; fileRef = 18B342942977EEF900F89A45 /* ViewController.m */; };
		18B342982977EEF900F89A45 /* Main.storyboard in Resources */ = {isa = PBXBuildFile; fileRef = 18B342962977EEF900F89A45 /* Main.storyboard */; };
		18B3429A2977EEFB00F89A45 /* Assets.xcassets in Resources */ = {isa = PBXBuildFile; fileRef = 18B342992977EEFB00F89A45 /* Assets.xcassets */; };
		18B3429D2977EEFB00F89A45 /* LaunchScreen.storyboard in Resources */ = {isa = PBXBuildFile; fileRef = 18B3429B2977EEFB00F89A45 /* LaunchScreen.storyboard */; };
		18B342A02977EEFB00F89A45 /* main.m in Sources */ = {isa = PBXBuildFile; fileRef = 18B3429F2977EEFB00F89A45 /* main.m */; };
		AAE4A8D99B9959341DADA0C4 /* Pods_GitIgnoreGit.framework in Frameworks */ = {isa = PBXBuildFile; fileRef = 9422C49D77BC617B92E60B44 /* Pods_GitIgnoreGit.framework */; };
/* End PBXBuildFile section */

/* Begin PBXFileReference section */
		18B3428A2977EEF900F89A45 /* GitIgnoreGit.app */ = {isa = PBXFileReference; explicitFileType = wrapper.application; includeInIndex = 0; path = GitIgnoreGit.app; sourceTree = BUILT_PRODUCTS_DIR; };
		18B3428D2977EEF900F89A45 /* AppDelegate.h */ = {isa = PBXFileReference; lastKnownFileType = sourcecode.c.h; path = AppDelegate.h; sourceTree = "<group>"; };
		18B3428E2977EEF900F89A45 /* AppDelegate.m */ = {isa = PBXFileReference; lastKnownFileType = sourcecode.c.objc; path = AppDelegate.m; sourceTree = "<group>"; };
		18B342902977EEF900F89A45 /* SceneDelegate.h */ = {isa = PBXFileReference; lastKnownFileType = sourcecode.c.h; path = SceneDelegate.h; sourceTree = "<group>"; };
		18B342912977EEF900F89A45 /* SceneDelegate.m */ = {isa = PBXFileReference; lastKnownFileType = sourcecode.c.objc; path = SceneDelegate.m; sourceTree = "<group>"; };
		18B342932977EEF900F89A45 /* ViewController.h */ = {isa = PBXFileReference; lastKnownFileType = sourcecode.c.h; path = ViewController.h; sourceTree = "<group>"; };
		18B342942977EEF900F89A45 /* ViewController.m */ = {isa = PBXFileReference; lastKnownFileType = sourcecode.c.objc; path = ViewController.m; sourceTree = "<group>"; };
		18B342972977EEF900F89A45 /* Base */ = {isa = PBXFileReference; lastKnownFileType = file.storyboard; name = Base; path = Base.lproj/Main.storyboard; sourceTree = "<group>"; };
		18B342992977EEFB00F89A45 /* Assets.xcassets */ = {isa = PBXFileReference; lastKnownFileType = folder.assetcatalog; path = Assets.xcassets; sourceTree = "<group>"; };
		18B3429C2977EEFB00F89A45 /* Base */ = {isa = PBXFileReference; lastKnownFileType = file.storyboard; name = Base; path = Base.lproj/LaunchScreen.storyboard; sourceTree = "<group>"; };
		18B3429E2977EEFB00F89A45 /* Info.plist */ = {isa = PBXFileReference; lastKnownFileType = text.plist.xml; path = Info.plist; sourceTree = "<group>"; };
		18B3429F2977EEFB00F89A45 /* main.m */ = {isa = PBXFileReference; lastKnownFileType = sourcecode.c.objc; path = main.m; sourceTree = "<group>"; };
		1C0574409208CC9413DAF0B8 /* Pods-GitIgnoreGit.release.xcconfig */ = {isa = PBXFileReference; includeInIndex = 1; lastKnownFileType = text.xcconfig; name = "Pods-GitIgnoreGit.release.xcconfig"; path = "Target Support Files/Pods-GitIgnoreGit/Pods-GitIgnoreGit.release.xcconfig"; sourceTree = "<group>"; };
		9422C49D77BC617B92E60B44 /* Pods_GitIgnoreGit.framework */ = {isa = PBXFileReference; explicitFileType = wrapper.framework; includeInIndex = 0; path = Pods_GitIgnoreGit.framework; sourceTree = BUILT_PRODUCTS_DIR; };
		CB4C69E1D79D501EB426F295 /* Pods-GitIgnoreGit.debug.xcconfig */ = {isa = PBXFileReference; includeInIndex = 1; lastKnownFileType = text.xcconfig; name = "Pods-GitIgnoreGit.debug.xcconfig"; path = "Target Support Files/Pods-GitIgnoreGit/Pods-GitIgnoreGit.debug.xcconfig"; sourceTree = "<group>"; };
/* End PBXFileReference section */

/* Begin PBXFrameworksBuildPhase section */
		18B342872977EEF900F89A45 /* Frameworks */ = {
			isa = PBXFrameworksBuildPhase;
			buildActionMask = 2147483647;
			files = (
				AAE4A8D99B9959341DADA0C4 /* Pods_GitIgnoreGit.framework in Frameworks */,
			);
			runOnlyForDeploymentPostprocessing = 0;
		};
/* End PBXFrameworksBuildPhase section */

/* Begin PBXGroup section */
		10F4BE6BB12F4ED03A2ED415 /* Frameworks */ = {
			isa = PBXGroup;
			children = (
				9422C49D77BC617B92E60B44 /* Pods_GitIgnoreGit.framework */,
			);
			name = Frameworks;
			sourceTree = "<group>";
		};
		18B342812977EEF900F89A45 = {
			isa = PBXGroup;
			children = (
				18B3428C2977EEF900F89A45 /* GitIgnoreGit */,
				18B3428B2977EEF900F89A45 /* Products */,
				8C09CD772235351115C6A817 /* Pods */,
				10F4BE6BB12F4ED03A2ED415 /* Frameworks */,
			);
			sourceTree = "<group>";
		};
		18B3428B2977EEF900F89A45 /* Products */ = {
			isa = PBXGroup;
			children = (
				18B3428A2977EEF900F89A45 /* GitIgnoreGit.app */,
			);
			name = Products;
			sourceTree = "<group>";
		};
		18B3428C2977EEF900F89A45 /* GitIgnoreGit */ = {
			isa = PBXGroup;
			children = (
				18B3428D2977EEF900F89A45 /* AppDelegate.h */,
				18B3428E2977EEF900F89A45 /* AppDelegate.m */,
				18B342902977EEF900F89A45 /* SceneDelegate.h */,
				18B342912977EEF900F89A45 /* SceneDelegate.m */,
				18B342932977EEF900F89A45 /* ViewController.h */,
				18B342942977EEF900F89A45 /* ViewController.m */,
				18B342962977EEF900F89A45 /* Main.storyboard */,
				18B342992977EEFB00F89A45 /* Assets.xcassets */,
				18B3429B2977EEFB00F89A45 /* LaunchScreen.storyboard */,
				18B3429E2977EEFB00F89A45 /* Info.plist */,
				18B3429F2977EEFB00F89A45 /* main.m */,
			);
			path = GitIgnoreGit;
			sourceTree = "<group>";
		};
		8C09CD772235351115C6A817 /* Pods */ = {
			isa = PBXGroup;
			children = (
				CB4C69E1D79D501EB426F295 /* Pods-GitIgnoreGit.debug.xcconfig */,
				1C0574409208CC9413DAF0B8 /* Pods-GitIgnoreGit.release.xcconfig */,
			);
			name = Pods;
			path = Pods;
			sourceTree = "<group>";
		};
/* End PBXGroup section */

/* Begin PBXNativeTarget section */
		18B342892977EEF900F89A45 /* GitIgnoreGit */ = {
			isa = PBXNativeTarget;
			buildConfigurationList = 18B342A32977EEFB00F89A45 /* Build configuration list for PBXNativeTarget "GitIgnoreGit" */;
			buildPhases = (
				23141080A88B3AD1628CF977 /* [CP] Check Pods Manifest.lock */,
				18B342862977EEF900F89A45 /* Sources */,
				18B342872977EEF900F89A45 /* Frameworks */,
				18B342882977EEF900F89A45 /* Resources */,
				A670118652A54B944EFA930B /* [CP] Embed Pods Frameworks */,
				521FCC5DBC8B42D3B3D01663 /* [CP] Copy Pods Resources */,
			);
			buildRules = (
			);
			dependencies = (
			);
			name = GitIgnoreGit;
			productName = GitIgnoreGit;
			productReference = 18B3428A2977EEF900F89A45 /* GitIgnoreGit.app */;
			productType = "com.apple.product-type.application";
		};
/* End PBXNativeTarget section */

/* Begin PBXProject section */
		18B342822977EEF900F89A45 /* Project object */ = {
			isa = PBXProject;
			attributes = {
				BuildIndependentTargetsInParallel = 1;
				LastUpgradeCheck = 1300;
				TargetAttributes = {
					18B342892977EEF900F89A45 = {
						CreatedOnToolsVersion = 13.0;
					};
				};
			};
			buildConfigurationList = 18B342852977EEF900F89A45 /* Build configuration list for PBXProject "GitIgnoreGit" */;
			compatibilityVersion = "Xcode 13.0";
			developmentRegion = en;
			hasScannedForEncodings = 0;
			knownRegions = (
				en,
				Base,
			);
			mainGroup = 18B342812977EEF900F89A45;
			productRefGroup = 18B3428B2977EEF900F89A45 /* Products */;
			projectDirPath = "";
			projectRoot = "";
			targets = (
				18B342892977EEF900F89A45 /* GitIgnoreGit */,
			);
		};
/* End PBXProject section */

/* Begin PBXResourcesBuildPhase section */
		18B342882977EEF900F89A45 /* Resources */ = {
			isa = PBXResourcesBuildPhase;
			buildActionMask = 2147483647;
			files = (
				18B3429D2977EEFB00F89A45 /* LaunchScreen.storyboard in Resources */,
				18B3429A2977EEFB00F89A45 /* Assets.xcassets in Resources */,
				18B342982977EEF900F89A45 /* Main.storyboard in Resources */,
			);
			runOnlyForDeploymentPostprocessing = 0;
		};
/* End PBXResourcesBuildPhase section */

/* Begin PBXShellScriptBuildPhase section */
		23141080A88B3AD1628CF977 /* [CP] Check Pods Manifest.lock */ = {
			isa = PBXShellScriptBuildPhase;
			buildActionMask = 2147483647;
			files = (
			);
			inputFileListPaths = (
			);
			inputPaths = (
				"${PODS_PODFILE_DIR_PATH}/Podfile.lock",
				"${PODS_ROOT}/Manifest.lock",
			);
			name = "[CP] Check Pods Manifest.lock";
			outputFileListPaths = (
			);
			outputPaths = (
				"$(DERIVED_FILE_DIR)/Pods-GitIgnoreGit-checkManifestLockResult.txt",
			);
			runOnlyForDeploymentPostprocessing = 0;
			shellPath = /bin/sh;
			shellScript = "diff \"${PODS_PODFILE_DIR_PATH}/Podfile.lock\" \"${PODS_ROOT}/Manifest.lock\" > /dev/null\nif [ $? != 0 ] ; then\n    # print error to STDERR\n    echo \"error: The sandbox is not in sync with the Podfile.lock. Run 'pod install' or update your CocoaPods installation.\" >&2\n    exit 1\nfi\n# This output is used by Xcode 'outputs' to avoid re-running this script phase.\necho \"SUCCESS\" > \"${SCRIPT_OUTPUT_FILE_0}\"\n";
			showEnvVarsInLog = 0;
		};
		521FCC5DBC8B42D3B3D01663 /* [CP] Copy Pods Resources */ = {
			isa = PBXShellScriptBuildPhase;
			buildActionMask = 2147483647;
			files = (
			);
			inputFileListPaths = (
				"${PODS_ROOT}/Target Support Files/Pods-GitIgnoreGit/Pods-GitIgnoreGit-resources-${CONFIGURATION}-input-files.xcfilelist",
			);
			name = "[CP] Copy Pods Resources";
			outputFileListPaths = (
				"${PODS_ROOT}/Target Support Files/Pods-GitIgnoreGit/Pods-GitIgnoreGit-resources-${CONFIGURATION}-output-files.xcfilelist",
			);
			runOnlyForDeploymentPostprocessing = 0;
			shellPath = /bin/sh;
			shellScript = "\"${PODS_ROOT}/Target Support Files/Pods-GitIgnoreGit/Pods-GitIgnoreGit-resources.sh\"\n";
			showEnvVarsInLog = 0;
		};
		A670118652A54B944EFA930B /* [CP] Embed Pods Frameworks */ = {
			isa = PBXShellScriptBuildPhase;
			buildActionMask = 2147483647;
			files = (
			);
			inputFileListPaths = (
				"${PODS_ROOT}/Target Support Files/Pods-GitIgnoreGit/Pods-GitIgnoreGit-frameworks-${CONFIGURATION}-input-files.xcfilelist",
			);
			name = "[CP] Embed Pods Frameworks";
			outputFileListPaths = (
				"${PODS_ROOT}/Target Support Files/Pods-GitIgnoreGit/Pods-GitIgnoreGit-frameworks-${CONFIGURATION}-output-files.xcfilelist",
			);
			runOnlyForDeploymentPostprocessing = 0;
			shellPath = /bin/sh;
			shellScript = "\"${PODS_ROOT}/Target Support Files/Pods-GitIgnoreGit/Pods-GitIgnoreGit-frameworks.sh\"\n";
			showEnvVarsInLog = 0;
		};
/* End PBXShellScriptBuildPhase section */

/* Begin PBXSourcesBuildPhase section */
		18B342862977EEF900F89A45 /* Sources */ = {
			isa = PBXSourcesBuildPhase;
			buildActionMask = 2147483647;
			files = (
				18B342952977EEF900F89A45 /* ViewController.m in Sources */,
				18B3428F2977EEF900F89A45 /* AppDelegate.m in Sources */,
				18B342A02977EEFB00F89A45 /* main.m in Sources */,
				18B342922977EEF900F89A45 /* SceneDelegate.m in Sources */,
			);
			runOnlyForDeploymentPostprocessing = 0;
		};
/* End PBXSourcesBuildPhase section */

/* Begin PBXVariantGroup section */
		18B342962977EEF900F89A45 /* Main.storyboard */ = {
			isa = PBXVariantGroup;
			children = (
				18B342972977EEF900F89A45 /* Base */,
			);
			name = Main.storyboard;
			sourceTree = "<group>";
		};
		18B3429B2977EEFB00F89A45 /* LaunchScreen.storyboard */ = {
			isa = PBXVariantGroup;
			children = (
				18B3429C2977EEFB00F89A45 /* Base */,
			);
			name = LaunchScreen.storyboard;
			sourceTree = "<group>";
		};
/* End PBXVariantGroup section */

/* Begin XCBuildConfiguration section */
		18B342A12977EEFB00F89A45 /* Debug */ = {
			isa = XCBuildConfiguration;
			buildSettings = {
				ALWAYS_SEARCH_USER_PATHS = NO;
				CLANG_ANALYZER_NONNULL = YES;
				CLANG_ANALYZER_NUMBER_OBJECT_CONVERSION = YES_AGGRESSIVE;
				CLANG_CXX_LANGUAGE_STANDARD = "gnu++17";
				CLANG_CXX_LIBRARY = "libc++";
				CLANG_ENABLE_MODULES = YES;
				CLANG_ENABLE_OBJC_ARC = YES;
				CLANG_ENABLE_OBJC_WEAK = YES;
				CLANG_WARN_BLOCK_CAPTURE_AUTORELEASING = YES;
				CLANG_WARN_BOOL_CONVERSION = YES;
				CLANG_WARN_COMMA = YES;
				CLANG_WARN_CONSTANT_CONVERSION = YES;
				CLANG_WARN_DEPRECATED_OBJC_IMPLEMENTATIONS = YES;
				CLANG_WARN_DIRECT_OBJC_ISA_USAGE = YES_ERROR;
				CLANG_WARN_DOCUMENTATION_COMMENTS = YES;
				CLANG_WARN_EMPTY_BODY = YES;
				CLANG_WARN_ENUM_CONVERSION = YES;
				CLANG_WARN_INFINITE_RECURSION = YES;
				CLANG_WARN_INT_CONVERSION = YES;
				CLANG_WARN_NON_LITERAL_NULL_CONVERSION = YES;
				CLANG_WARN_OBJC_IMPLICIT_RETAIN_SELF = YES;
				CLANG_WARN_OBJC_LITERAL_CONVERSION = YES;
				CLANG_WARN_OBJC_ROOT_CLASS = YES_ERROR;
				CLANG_WARN_QUOTED_INCLUDE_IN_FRAMEWORK_HEADER = YES;
				CLANG_WARN_RANGE_LOOP_ANALYSIS = YES;
				CLANG_WARN_STRICT_PROTOTYPES = YES;
				CLANG_WARN_SUSPICIOUS_MOVE = YES;
				CLANG_WARN_UNGUARDED_AVAILABILITY = YES_AGGRESSIVE;
				CLANG_WARN_UNREACHABLE_CODE = YES;
				CLANG_WARN__DUPLICATE_METHOD_MATCH = YES;
				COPY_PHASE_STRIP = NO;
				DEBUG_INFORMATION_FORMAT = dwarf;
				ENABLE_STRICT_OBJC_MSGSEND = YES;
				ENABLE_TESTABILITY = YES;
				GCC_C_LANGUAGE_STANDARD = gnu11;
				GCC_DYNAMIC_NO_PIC = NO;
				GCC_NO_COMMON_BLOCKS = YES;
				GCC_OPTIMIZATION_LEVEL = 0;
				GCC_PREPROCESSOR_DEFINITIONS = (
					"DEBUG=1",
					"$(inherited)",
				);
				GCC_WARN_64_TO_32_BIT_CONVERSION = YES;
				GCC_WARN_ABOUT_RETURN_TYPE = YES_ERROR;
				GCC_WARN_UNDECLARED_SELECTOR = YES;
				GCC_WARN_UNINITIALIZED_AUTOS = YES_AGGRESSIVE;
				GCC_WARN_UNUSED_FUNCTION = YES;
				GCC_WARN_UNUSED_VARIABLE = YES;
				IPHONEOS_DEPLOYMENT_TARGET = 15.0;
				MTL_ENABLE_DEBUG_INFO = INCLUDE_SOURCE;
				MTL_FAST_MATH = YES;
				ONLY_ACTIVE_ARCH = YES;
				SDKROOT = iphoneos;
			};
			name = Debug;
		};
		18B342A22977EEFB00F89A45 /* Release */ = {
			isa = XCBuildConfiguration;
			buildSettings = {
				ALWAYS_SEARCH_USER_PATHS = NO;
				CLANG_ANALYZER_NONNULL = YES;
				CLANG_ANALYZER_NUMBER_OBJECT_CONVERSION = YES_AGGRESSIVE;
				CLANG_CXX_LANGUAGE_STANDARD = "gnu++17";
				CLANG_CXX_LIBRARY = "libc++";
				CLANG_ENABLE_MODULES = YES;
				CLANG_ENABLE_OBJC_ARC = YES;
				CLANG_ENABLE_OBJC_WEAK = YES;
				CLANG_WARN_BLOCK_CAPTURE_AUTORELEASING = YES;
				CLANG_WARN_BOOL_CONVERSION = YES;
				CLANG_WARN_COMMA = YES;
				CLANG_WARN_CONSTANT_CONVERSION = YES;
				CLANG_WARN_DEPRECATED_OBJC_IMPLEMENTATIONS = YES;
				CLANG_WARN_DIRECT_OBJC_ISA_USAGE = YES_ERROR;
				CLANG_WARN_DOCUMENTATION_COMMENTS = YES;
				CLANG_WARN_EMPTY_BODY = YES;
				CLANG_WARN_ENUM_CONVERSION = YES;
				CLANG_WARN_INFINITE_RECURSION = YES;
				CLANG_WARN_INT_CONVERSION = YES;
				CLANG_WARN_NON_LITERAL_NULL_CONVERSION = YES;
				CLANG_WARN_OBJC_IMPLICIT_RETAIN_SELF = YES;
				CLANG_WARN_OBJC_LITERAL_CONVERSION = YES;
				CLANG_WARN_OBJC_ROOT_CLASS = YES_ERROR;
				CLANG_WARN_QUOTED_INCLUDE_IN_FRAMEWORK_HEADER = YES;
				CLANG_WARN_RANGE_LOOP_ANALYSIS = YES;
				CLANG_WARN_STRICT_PROTOTYPES = YES;
				CLANG_WARN_SUSPICIOUS_MOVE = YES;
				CLANG_WARN_UNGUARDED_AVAILABILITY = YES_AGGRESSIVE;
				CLANG_WARN_UNREACHABLE_CODE = YES;
				CLANG_WARN__DUPLICATE_METHOD_MATCH = YES;
				COPY_PHASE_STRIP = NO;
				DEBUG_INFORMATION_FORMAT = "dwarf-with-dsym";
				ENABLE_NS_ASSERTIONS = NO;
				ENABLE_STRICT_OBJC_MSGSEND = YES;
				GCC_C_LANGUAGE_STANDARD = gnu11;
				GCC_NO_COMMON_BLOCKS = YES;
				GCC_WARN_64_TO_32_BIT_CONVERSION = YES;
				GCC_WARN_ABOUT_RETURN_TYPE = YES_ERROR;
				GCC_WARN_UNDECLARED_SELECTOR = YES;
				GCC_WARN_UNINITIALIZED_AUTOS = YES_AGGRESSIVE;
				GCC_WARN_UNUSED_FUNCTION = YES;
				GCC_WARN_UNUSED_VARIABLE = YES;
				IPHONEOS_DEPLOYMENT_TARGET = 15.0;
				MTL_ENABLE_DEBUG_INFO = NO;
				MTL_FAST_MATH = YES;
				SDKROOT = iphoneos;
				VALIDATE_PRODUCT = YES;
			};
			name = Release;
		};
		18B342A42977EEFB00F89A45 /* Debug */ = {
			isa = XCBuildConfiguration;
			baseConfigurationReference = CB4C69E1D79D501EB426F295 /* Pods-GitIgnoreGit.debug.xcconfig */;
			buildSettings = {
				ASSETCATALOG_COMPILER_APPICON_NAME = AppIcon;
				ASSETCATALOG_COMPILER_GLOBAL_ACCENT_COLOR_NAME = AccentColor;
				CODE_SIGN_STYLE = Automatic;
				CURRENT_PROJECT_VERSION = 1;
				GENERATE_INFOPLIST_FILE = YES;
				INFOPLIST_FILE = GitIgnoreGit/Info.plist;
				INFOPLIST_KEY_UIApplicationSupportsIndirectInputEvents = YES;
				INFOPLIST_KEY_UILaunchStoryboardName = LaunchScreen;
				INFOPLIST_KEY_UIMainStoryboardFile = Main;
				INFOPLIST_KEY_UISupportedInterfaceOrientations_iPad = "UIInterfaceOrientationPortrait UIInterfaceOrientationPortraitUpsideDown UIInterfaceOrientationLandscapeLeft UIInterfaceOrientationLandscapeRight";
				INFOPLIST_KEY_UISupportedInterfaceOrientations_iPhone = "UIInterfaceOrientationPortrait UIInterfaceOrientationLandscapeLeft UIInterfaceOrientationLandscapeRight";
				LD_RUNPATH_SEARCH_PATHS = (
					"$(inherited)",
					"@executable_path/Frameworks",
				);
				MARKETING_VERSION = 1.0;
				PRODUCT_BUNDLE_IDENTIFIER = "Music-Company.GitIgnoreGit";
				PRODUCT_NAME = "$(TARGET_NAME)";
				SWIFT_EMIT_LOC_STRINGS = YES;
				TARGETED_DEVICE_FAMILY = "1,2";
			};
			name = Debug;
		};
		18B342A52977EEFB00F89A45 /* Release */ = {
			isa = XCBuildConfiguration;
			baseConfigurationReference = 1C0574409208CC9413DAF0B8 /* Pods-GitIgnoreGit.release.xcconfig */;
			buildSettings = {
				ASSETCATALOG_COMPILER_APPICON_NAME = AppIcon;
				ASSETCATALOG_COMPILER_GLOBAL_ACCENT_COLOR_NAME = AccentColor;
				CODE_SIGN_STYLE = Automatic;
				CURRENT_PROJECT_VERSION = 1;
				GENERATE_INFOPLIST_FILE = YES;
				INFOPLIST_FILE = GitIgnoreGit/Info.plist;
				INFOPLIST_KEY_UIApplicationSupportsIndirectInputEvents = YES;
				INFOPLIST_KEY_UILaunchStoryboardName = LaunchScreen;
				INFOPLIST_KEY_UIMainStoryboardFile = Main;
				INFOPLIST_KEY_UISupportedInterfaceOrientations_iPad = "UIInterfaceOrientationPortrait UIInterfaceOrientationPortraitUpsideDown UIInterfaceOrientationLandscapeLeft UIInterfaceOrientationLandscapeRight";
				INFOPLIST_KEY_UISupportedInterfaceOrientations_iPhone = "UIInterfaceOrientationPortrait UIInterfaceOrientationLandscapeLeft UIInterfaceOrientationLandscapeRight";
				LD_RUNPATH_SEARCH_PATHS = (
					"$(inherited)",
					"@executable_path/Frameworks",
				);
				MARKETING_VERSION = 1.0;
				PRODUCT_BUNDLE_IDENTIFIER = "Music-Company.GitIgnoreGit";
				PRODUCT_NAME = "$(TARGET_NAME)";
				SWIFT_EMIT_LOC_STRINGS = YES;
				TARGETED_DEVICE_FAMILY = "1,2";
			};
			name = Release;
		};
/* End XCBuildConfiguration section */

/* Begin XCConfigurationList section */
		18B342852977EEF900F89A45 /* Build configuration list for PBXProject "GitIgnoreGit" */ = {
			isa = XCConfigurationList;
			buildConfigurations = (
				18B342A12977EEFB00F89A45 /* Debug */,
				18B342A22977EEFB00F89A45 /* Release */,
			);
			defaultConfigurationIsVisible = 0;
			defaultConfigurationName = Release;
		};
		18B342A32977EEFB00F89A45 /* Build configuration list for PBXNativeTarget "GitIgnoreGit" */ = {
			isa = XCConfigurationList;
			buildConfigurations = (
				18B342A42977EEFB00F89A45 /* Debug */,
				18B342A52977EEFB00F89A45 /* Release */,
			);
			defaultConfigurationIsVisible = 0;
			defaultConfigurationName = Release;
		};
/* End XCConfigurationList section */
	};
	rootObject = 18B342822977EEF900F89A45 /* Project object */;
}
